// !$*UTF8*$!
{
	archiveVersion = 1;
	classes = {
	};
	objectVersion = 46;
	objects = {

/* Begin PBXBuildFile section */
		1215BAFD16139B63008EB356 /* A.mp3 in Resources */ = {isa = PBXBuildFile; fileRef = 1215BAE916139B63008EB356 /* A.mp3 */; };
		1215BAFE16139B63008EB356 /* A#.mp3 in Resources */ = {isa = PBXBuildFile; fileRef = 1215BAEA16139B63008EB356 /* A#.mp3 */; };
		1215BAFF16139B63008EB356 /* A#m.mp3 in Resources */ = {isa = PBXBuildFile; fileRef = 1215BAEB16139B63008EB356 /* A#m.mp3 */; };
		1215BB0016139B63008EB356 /* Am.mp3 in Resources */ = {isa = PBXBuildFile; fileRef = 1215BAEC16139B63008EB356 /* Am.mp3 */; };
		1215BB0116139B63008EB356 /* B.mp3 in Resources */ = {isa = PBXBuildFile; fileRef = 1215BAED16139B63008EB356 /* B.mp3 */; };
		1215BB0216139B63008EB356 /* Bm.mp3 in Resources */ = {isa = PBXBuildFile; fileRef = 1215BAEE16139B63008EB356 /* Bm.mp3 */; };
		1215BB0316139B63008EB356 /* C.mp3 in Resources */ = {isa = PBXBuildFile; fileRef = 1215BAEF16139B63008EB356 /* C.mp3 */; };
		1215BB0416139B63008EB356 /* C#.mp3 in Resources */ = {isa = PBXBuildFile; fileRef = 1215BAF016139B63008EB356 /* C#.mp3 */; };
		1215BB0516139B63008EB356 /* C#m.mp3 in Resources */ = {isa = PBXBuildFile; fileRef = 1215BAF116139B63008EB356 /* C#m.mp3 */; };
		1215BB0616139B63008EB356 /* Cm.mp3 in Resources */ = {isa = PBXBuildFile; fileRef = 1215BAF216139B63008EB356 /* Cm.mp3 */; };
		1215BB0816139B63008EB356 /* D#.mp3 in Resources */ = {isa = PBXBuildFile; fileRef = 1215BAF416139B63008EB356 /* D#.mp3 */; };
		1215BB0916139B63008EB356 /* D#m.mp3 in Resources */ = {isa = PBXBuildFile; fileRef = 1215BAF516139B63008EB356 /* D#m.mp3 */; };
		1215BB0A16139B63008EB356 /* Dm.mp3 in Resources */ = {isa = PBXBuildFile; fileRef = 1215BAF616139B63008EB356 /* Dm.mp3 */; };
		1215BB0B16139B63008EB356 /* E.mp3 in Resources */ = {isa = PBXBuildFile; fileRef = 1215BAF716139B63008EB356 /* E.mp3 */; };
		1215BB0C16139B63008EB356 /* Em.mp3 in Resources */ = {isa = PBXBuildFile; fileRef = 1215BAF816139B63008EB356 /* Em.mp3 */; };
		1215BB0D16139B63008EB356 /* F.mp3 in Resources */ = {isa = PBXBuildFile; fileRef = 1215BAF916139B63008EB356 /* F.mp3 */; };
		1215BB0E16139B63008EB356 /* F#.mp3 in Resources */ = {isa = PBXBuildFile; fileRef = 1215BAFA16139B63008EB356 /* F#.mp3 */; };
		1215BB0F16139B63008EB356 /* Fm.mp3 in Resources */ = {isa = PBXBuildFile; fileRef = 1215BAFB16139B63008EB356 /* Fm.mp3 */; };
		1215BB1016139B63008EB356 /* G.mp3 in Resources */ = {isa = PBXBuildFile; fileRef = 1215BAFC16139B63008EB356 /* G.mp3 */; };
		1215BB1A1613B0F2008EB356 /* D.mp3 in Resources */ = {isa = PBXBuildFile; fileRef = 1215BB151613B0F2008EB356 /* D.mp3 */; };
		1215BB1B1613B0F2008EB356 /* F#m.mp3 in Resources */ = {isa = PBXBuildFile; fileRef = 1215BB161613B0F2008EB356 /* F#m.mp3 */; };
		1215BB1C1613B0F2008EB356 /* G#.mp3 in Resources */ = {isa = PBXBuildFile; fileRef = 1215BB171613B0F2008EB356 /* G#.mp3 */; };
		1215BB1D1613B0F2008EB356 /* G#m.mp3 in Resources */ = {isa = PBXBuildFile; fileRef = 1215BB181613B0F2008EB356 /* G#m.mp3 */; };
		1215BB1E1613B0F2008EB356 /* Gm.mp3 in Resources */ = {isa = PBXBuildFile; fileRef = 1215BB191613B0F2008EB356 /* Gm.mp3 */; };
		1215BB211613B5B8008EB356 /* pause.png in Resources */ = {isa = PBXBuildFile; fileRef = 1215BB1F1613B5B8008EB356 /* pause.png */; };
		1215BB221613B5B8008EB356 /* play.png in Resources */ = {isa = PBXBuildFile; fileRef = 1215BB201613B5B8008EB356 /* play.png */; };
		1215BB241613B87E008EB356 /* background.jpg in Resources */ = {isa = PBXBuildFile; fileRef = 1215BB231613B87E008EB356 /* background.jpg */; };
		123C53AC15EE50E5006DE11B /* AVFoundation.framework in Frameworks */ = {isa = PBXBuildFile; fileRef = 123C53AB15EE50E5006DE11B /* AVFoundation.framework */; };
		123C53BA15F3E170006DE11B /* atbnss0354.gif in Resources */ = {isa = PBXBuildFile; fileRef = 123C53B915F3E170006DE11B /* atbnss0354.gif */; };
		123C53BC15F3E195006DE11B /* white.gif in Resources */ = {isa = PBXBuildFile; fileRef = 123C53BB15F3E195006DE11B /* white.gif */; };
		1245F7411627725800984E6D /* stop.png in Resources */ = {isa = PBXBuildFile; fileRef = 1245F7401627725800984E6D /* stop.png */; };
		1272D23315AB967300B764FF /* UIKit.framework in Frameworks */ = {isa = PBXBuildFile; fileRef = 1272D23215AB967300B764FF /* UIKit.framework */; };
		1272D23515AB967300B764FF /* Foundation.framework in Frameworks */ = {isa = PBXBuildFile; fileRef = 1272D23415AB967300B764FF /* Foundation.framework */; };
		1272D23715AB967300B764FF /* CoreGraphics.framework in Frameworks */ = {isa = PBXBuildFile; fileRef = 1272D23615AB967300B764FF /* CoreGraphics.framework */; };
		1272D23D15AB967300B764FF /* InfoPlist.strings in Resources */ = {isa = PBXBuildFile; fileRef = 1272D23B15AB967300B764FF /* InfoPlist.strings */; };
		1272D23F15AB967300B764FF /* main.m in Sources */ = {isa = PBXBuildFile; fileRef = 1272D23E15AB967300B764FF /* main.m */; };
		1272D24315AB967300B764FF /* AppDelegate.m in Sources */ = {isa = PBXBuildFile; fileRef = 1272D24215AB967300B764FF /* AppDelegate.m */; };
		1272D24615AB967300B764FF /* ViewController.m in Sources */ = {isa = PBXBuildFile; fileRef = 1272D24515AB967300B764FF /* ViewController.m */; };
		1272D24915AB967300B764FF /* ViewController_iPhone.xib in Resources */ = {isa = PBXBuildFile; fileRef = 1272D24715AB967300B764FF /* ViewController_iPhone.xib */; };
		1272D24C15AB967300B764FF /* ViewController_iPad.xib in Resources */ = {isa = PBXBuildFile; fileRef = 1272D24A15AB967300B764FF /* ViewController_iPad.xib */; };
/* End PBXBuildFile section */

/* Begin PBXFileReference section */
		1215BAE916139B63008EB356 /* A.mp3 */ = {isa = PBXFileReference; lastKnownFileType = audio.mp3; path = A.mp3; sourceTree = "<group>"; };
		1215BAEA16139B63008EB356 /* A#.mp3 */ = {isa = PBXFileReference; lastKnownFileType = audio.mp3; path = "A#.mp3"; sourceTree = "<group>"; };
		1215BAEB16139B63008EB356 /* A#m.mp3 */ = {isa = PBXFileReference; lastKnownFileType = audio.mp3; path = "A#m.mp3"; sourceTree = "<group>"; };
		1215BAEC16139B63008EB356 /* Am.mp3 */ = {isa = PBXFileReference; lastKnownFileType = audio.mp3; path = Am.mp3; sourceTree = "<group>"; };
		1215BAED16139B63008EB356 /* B.mp3 */ = {isa = PBXFileReference; lastKnownFileType = audio.mp3; path = B.mp3; sourceTree = "<group>"; };
		1215BAEE16139B63008EB356 /* Bm.mp3 */ = {isa = PBXFileReference; lastKnownFileType = audio.mp3; path = Bm.mp3; sourceTree = "<group>"; };
		1215BAEF16139B63008EB356 /* C.mp3 */ = {isa = PBXFileReference; lastKnownFileType = audio.mp3; path = C.mp3; sourceTree = "<group>"; };
		1215BAF016139B63008EB356 /* C#.mp3 */ = {isa = PBXFileReference; lastKnownFileType = audio.mp3; path = "C#.mp3"; sourceTree = "<group>"; };
		1215BAF116139B63008EB356 /* C#m.mp3 */ = {isa = PBXFileReference; lastKnownFileType = audio.mp3; path = "C#m.mp3"; sourceTree = "<group>"; };
		1215BAF216139B63008EB356 /* Cm.mp3 */ = {isa = PBXFileReference; lastKnownFileType = audio.mp3; path = Cm.mp3; sourceTree = "<group>"; };
		1215BAF416139B63008EB356 /* D#.mp3 */ = {isa = PBXFileReference; lastKnownFileType = audio.mp3; path = "D#.mp3"; sourceTree = "<group>"; };
		1215BAF516139B63008EB356 /* D#m.mp3 */ = {isa = PBXFileReference; lastKnownFileType = audio.mp3; path = "D#m.mp3"; sourceTree = "<group>"; };
		1215BAF616139B63008EB356 /* Dm.mp3 */ = {isa = PBXFileReference; lastKnownFileType = audio.mp3; path = Dm.mp3; sourceTree = "<group>"; };
		1215BAF716139B63008EB356 /* E.mp3 */ = {isa = PBXFileReference; lastKnownFileType = audio.mp3; path = E.mp3; sourceTree = "<group>"; };
		1215BAF816139B63008EB356 /* Em.mp3 */ = {isa = PBXFileReference; lastKnownFileType = audio.mp3; path = Em.mp3; sourceTree = "<group>"; };
		1215BAF916139B63008EB356 /* F.mp3 */ = {isa = PBXFileReference; lastKnownFileType = audio.mp3; path = F.mp3; sourceTree = "<group>"; };
		1215BAFA16139B63008EB356 /* F#.mp3 */ = {isa = PBXFileReference; lastKnownFileType = audio.mp3; path = "F#.mp3"; sourceTree = "<group>"; };
		1215BAFB16139B63008EB356 /* Fm.mp3 */ = {isa = PBXFileReference; lastKnownFileType = audio.mp3; path = Fm.mp3; sourceTree = "<group>"; };
		1215BAFC16139B63008EB356 /* G.mp3 */ = {isa = PBXFileReference; lastKnownFileType = audio.mp3; path = G.mp3; sourceTree = "<group>"; };
		1215BB151613B0F2008EB356 /* D.mp3 */ = {isa = PBXFileReference; lastKnownFileType = audio.mp3; path = D.mp3; sourceTree = "<group>"; };
		1215BB161613B0F2008EB356 /* F#m.mp3 */ = {isa = PBXFileReference; lastKnownFileType = audio.mp3; path = "F#m.mp3"; sourceTree = "<group>"; };
		1215BB171613B0F2008EB356 /* G#.mp3 */ = {isa = PBXFileReference; lastKnownFileType = audio.mp3; path = "G#.mp3"; sourceTree = "<group>"; };
		1215BB181613B0F2008EB356 /* G#m.mp3 */ = {isa = PBXFileReference; lastKnownFileType = audio.mp3; path = "G#m.mp3"; sourceTree = "<group>"; };
		1215BB191613B0F2008EB356 /* Gm.mp3 */ = {isa = PBXFileReference; lastKnownFileType = audio.mp3; path = Gm.mp3; sourceTree = "<group>"; };
		1215BB1F1613B5B8008EB356 /* pause.png */ = {isa = PBXFileReference; lastKnownFileType = image.png; path = pause.png; sourceTree = "<group>"; };
		1215BB201613B5B8008EB356 /* play.png */ = {isa = PBXFileReference; lastKnownFileType = image.png; path = play.png; sourceTree = "<group>"; };
		1215BB231613B87E008EB356 /* background.jpg */ = {isa = PBXFileReference; lastKnownFileType = image.jpeg; name = background.jpg; path = ../background.jpg; sourceTree = "<group>"; };
		123C53AB15EE50E5006DE11B /* AVFoundation.framework */ = {isa = PBXFileReference; lastKnownFileType = wrapper.framework; name = AVFoundation.framework; path = System/Library/Frameworks/AVFoundation.framework; sourceTree = SDKROOT; };
		123C53B915F3E170006DE11B /* atbnss0354.gif */ = {isa = PBXFileReference; lastKnownFileType = image.gif; name = atbnss0354.gif; path = ../../../../Downloads/atbnss0354.gif; sourceTree = "<group>"; };
		123C53BB15F3E195006DE11B /* white.gif */ = {isa = PBXFileReference; lastKnownFileType = image.gif; name = white.gif; path = ../../../../Downloads/white.gif; sourceTree = "<group>"; };
		1245F7401627725800984E6D /* stop.png */ = {isa = PBXFileReference; lastKnownFileType = image.png; path = stop.png; sourceTree = "<group>"; };
		1272D22E15AB967300B764FF /* tufts.app */ = {isa = PBXFileReference; explicitFileType = wrapper.application; includeInIndex = 0; path = tufts.app; sourceTree = BUILT_PRODUCTS_DIR; };
		1272D23215AB967300B764FF /* UIKit.framework */ = {isa = PBXFileReference; lastKnownFileType = wrapper.framework; name = UIKit.framework; path = System/Library/Frameworks/UIKit.framework; sourceTree = SDKROOT; };
		1272D23415AB967300B764FF /* Foundation.framework */ = {isa = PBXFileReference; lastKnownFileType = wrapper.framework; name = Foundation.framework; path = System/Library/Frameworks/Foundation.framework; sourceTree = SDKROOT; };
		1272D23615AB967300B764FF /* CoreGraphics.framework */ = {isa = PBXFileReference; lastKnownFileType = wrapper.framework; name = CoreGraphics.framework; path = System/Library/Frameworks/CoreGraphics.framework; sourceTree = SDKROOT; };
		1272D23A15AB967300B764FF /* tufts-Info.plist */ = {isa = PBXFileReference; lastKnownFileType = text.plist.xml; path = "tufts-Info.plist"; sourceTree = "<group>"; };
		1272D23C15AB967300B764FF /* en */ = {isa = PBXFileReference; lastKnownFileType = text.plist.strings; name = en; path = en.lproj/InfoPlist.strings; sourceTree = "<group>"; };
		1272D23E15AB967300B764FF /* main.m */ = {isa = PBXFileReference; lastKnownFileType = sourcecode.c.objc; path = main.m; sourceTree = "<group>"; };
		1272D24015AB967300B764FF /* tufts-Prefix.pch */ = {isa = PBXFileReference; lastKnownFileType = sourcecode.c.h; path = "tufts-Prefix.pch"; sourceTree = "<group>"; };
		1272D24115AB967300B764FF /* AppDelegate.h */ = {isa = PBXFileReference; lastKnownFileType = sourcecode.c.h; path = AppDelegate.h; sourceTree = "<group>"; };
		1272D24215AB967300B764FF /* AppDelegate.m */ = {isa = PBXFileReference; lastKnownFileType = sourcecode.c.objc; path = AppDelegate.m; sourceTree = "<group>"; };
		1272D24415AB967300B764FF /* ViewController.h */ = {isa = PBXFileReference; lastKnownFileType = sourcecode.c.h; path = ViewController.h; sourceTree = "<group>"; };
		1272D24515AB967300B764FF /* ViewController.m */ = {isa = PBXFileReference; lastKnownFileType = sourcecode.c.objc; path = ViewController.m; sourceTree = "<group>"; };
		1272D24815AB967300B764FF /* en */ = {isa = PBXFileReference; lastKnownFileType = file.xib; name = en; path = en.lproj/ViewController_iPhone.xib; sourceTree = "<group>"; };
		1272D24B15AB967300B764FF /* en */ = {isa = PBXFileReference; lastKnownFileType = file.xib; name = en; path = en.lproj/ViewController_iPad.xib; sourceTree = "<group>"; };
/* End PBXFileReference section */

/* Begin PBXFrameworksBuildPhase section */
		1272D22B15AB967300B764FF /* Frameworks */ = {
			isa = PBXFrameworksBuildPhase;
			buildActionMask = 2147483647;
			files = (
				123C53AC15EE50E5006DE11B /* AVFoundation.framework in Frameworks */,
				1272D23315AB967300B764FF /* UIKit.framework in Frameworks */,
				1272D23515AB967300B764FF /* Foundation.framework in Frameworks */,
				1272D23715AB967300B764FF /* CoreGraphics.framework in Frameworks */,
			);
			runOnlyForDeploymentPostprocessing = 0;
		};
/* End PBXFrameworksBuildPhase section */

/* Begin PBXGroup section */
		1272D22315AB967300B764FF = {
			isa = PBXGroup;
			children = (
				1215BAE916139B63008EB356 /* A.mp3 */,
				1215BAEA16139B63008EB356 /* A#.mp3 */,
				1215BAEB16139B63008EB356 /* A#m.mp3 */,
				1215BAEC16139B63008EB356 /* Am.mp3 */,
				1215BAED16139B63008EB356 /* B.mp3 */,
				1215BAEE16139B63008EB356 /* Bm.mp3 */,
				1215BAEF16139B63008EB356 /* C.mp3 */,
				1215BAF016139B63008EB356 /* C#.mp3 */,
				1215BAF116139B63008EB356 /* C#m.mp3 */,
				1215BAF216139B63008EB356 /* Cm.mp3 */,
				1215BAF416139B63008EB356 /* D#.mp3 */,
				1215BAF516139B63008EB356 /* D#m.mp3 */,
				1215BB151613B0F2008EB356 /* D.mp3 */,
				1215BAF616139B63008EB356 /* Dm.mp3 */,
				1215BAF716139B63008EB356 /* E.mp3 */,
				1215BAF816139B63008EB356 /* Em.mp3 */,
				1215BAF916139B63008EB356 /* F.mp3 */,
				1215BAFA16139B63008EB356 /* F#.mp3 */,
				1215BB161613B0F2008EB356 /* F#m.mp3 */,
				1215BAFB16139B63008EB356 /* Fm.mp3 */,
				1215BB171613B0F2008EB356 /* G#.mp3 */,
				1215BB181613B0F2008EB356 /* G#m.mp3 */,
				1215BAFC16139B63008EB356 /* G.mp3 */,
				1215BB191613B0F2008EB356 /* Gm.mp3 */,
				123C53AB15EE50E5006DE11B /* AVFoundation.framework */,
				1272D23815AB967300B764FF /* tufts */,
				1272D23115AB967300B764FF /* Frameworks */,
				1272D22F15AB967300B764FF /* Products */,
			);
			sourceTree = "<group>";
		};
		1272D22F15AB967300B764FF /* Products */ = {
			isa = PBXGroup;
			children = (
				1272D22E15AB967300B764FF /* tufts.app */,
			);
			name = Products;
			sourceTree = "<group>";
		};
		1272D23115AB967300B764FF /* Frameworks */ = {
			isa = PBXGroup;
			children = (
				1272D23215AB967300B764FF /* UIKit.framework */,
				1272D23415AB967300B764FF /* Foundation.framework */,
				1272D23615AB967300B764FF /* CoreGraphics.framework */,
			);
			name = Frameworks;
			sourceTree = "<group>";
		};
		1272D23815AB967300B764FF /* tufts */ = {
			isa = PBXGroup;
			children = (
				1272D24115AB967300B764FF /* AppDelegate.h */,
				1272D24215AB967300B764FF /* AppDelegate.m */,
				1272D24415AB967300B764FF /* ViewController.h */,
				1272D24515AB967300B764FF /* ViewController.m */,
				1272D24715AB967300B764FF /* ViewController_iPhone.xib */,
				1272D24A15AB967300B764FF /* ViewController_iPad.xib */,
				1272D23915AB967300B764FF /* Supporting Files */,
			);
			path = tufts;
			sourceTree = "<group>";
		};
		1272D23915AB967300B764FF /* Supporting Files */ = {
			isa = PBXGroup;
			children = (
				1245F7401627725800984E6D /* stop.png */,
				1215BB231613B87E008EB356 /* background.jpg */,
				1215BB1F1613B5B8008EB356 /* pause.png */,
				1215BB201613B5B8008EB356 /* play.png */,
				123C53B915F3E170006DE11B /* atbnss0354.gif */,
				123C53BB15F3E195006DE11B /* white.gif */,
				1272D23A15AB967300B764FF /* tufts-Info.plist */,
				1272D23B15AB967300B764FF /* InfoPlist.strings */,
				1272D23E15AB967300B764FF /* main.m */,
				1272D24015AB967300B764FF /* tufts-Prefix.pch */,
			);
			name = "Supporting Files";
			sourceTree = "<group>";
		};
/* End PBXGroup section */

/* Begin PBXNativeTarget section */
		1272D22D15AB967300B764FF /* tufts */ = {
			isa = PBXNativeTarget;
			buildConfigurationList = 1272D24F15AB967300B764FF /* Build configuration list for PBXNativeTarget "tufts" */;
			buildPhases = (
				1272D22A15AB967300B764FF /* Sources */,
				1272D22B15AB967300B764FF /* Frameworks */,
				1272D22C15AB967300B764FF /* Resources */,
			);
			buildRules = (
			);
			dependencies = (
			);
			name = tufts;
			productName = tufts;
			productReference = 1272D22E15AB967300B764FF /* tufts.app */;
			productType = "com.apple.product-type.application";
		};
/* End PBXNativeTarget section */

/* Begin PBXProject section */
		1272D22515AB967300B764FF /* Project object */ = {
			isa = PBXProject;
			attributes = {
				LastUpgradeCheck = 0430;
			};
			buildConfigurationList = 1272D22815AB967300B764FF /* Build configuration list for PBXProject "tufts" */;
			compatibilityVersion = "Xcode 3.2";
			developmentRegion = English;
			hasScannedForEncodings = 0;
			knownRegions = (
				en,
			);
			mainGroup = 1272D22315AB967300B764FF;
			productRefGroup = 1272D22F15AB967300B764FF /* Products */;
			projectDirPath = "";
			projectRoot = "";
			targets = (
				1272D22D15AB967300B764FF /* tufts */,
			);
		};
/* End PBXProject section */

/* Begin PBXResourcesBuildPhase section */
		1272D22C15AB967300B764FF /* Resources */ = {
			isa = PBXResourcesBuildPhase;
			buildActionMask = 2147483647;
			files = (
				1272D23D15AB967300B764FF /* InfoPlist.strings in Resources */,
				1272D24915AB967300B764FF /* ViewController_iPhone.xib in Resources */,
				1272D24C15AB967300B764FF /* ViewController_iPad.xib in Resources */,
				123C53BA15F3E170006DE11B /* atbnss0354.gif in Resources */,
				123C53BC15F3E195006DE11B /* white.gif in Resources */,
				1215BAFD16139B63008EB356 /* A.mp3 in Resources */,
				1215BAFE16139B63008EB356 /* A#.mp3 in Resources */,
				1215BAFF16139B63008EB356 /* A#m.mp3 in Resources */,
				1215BB0016139B63008EB356 /* Am.mp3 in Resources */,
				1215BB0116139B63008EB356 /* B.mp3 in Resources */,
				1215BB0216139B63008EB356 /* Bm.mp3 in Resources */,
				1215BB0316139B63008EB356 /* C.mp3 in Resources */,
				1215BB0416139B63008EB356 /* C#.mp3 in Resources */,
				1215BB0516139B63008EB356 /* C#m.mp3 in Resources */,
				1215BB0616139B63008EB356 /* Cm.mp3 in Resources */,
				1215BB0816139B63008EB356 /* D#.mp3 in Resources */,
				1215BB0916139B63008EB356 /* D#m.mp3 in Resources */,
				1215BB0A16139B63008EB356 /* Dm.mp3 in Resources */,
				1215BB0B16139B63008EB356 /* E.mp3 in Resources */,
				1215BB0C16139B63008EB356 /* Em.mp3 in Resources */,
				1215BB0D16139B63008EB356 /* F.mp3 in Resources */,
				1215BB0E16139B63008EB356 /* F#.mp3 in Resources */,
				1215BB0F16139B63008EB356 /* Fm.mp3 in Resources */,
				1215BB1016139B63008EB356 /* G.mp3 in Resources */,
				1215BB1A1613B0F2008EB356 /* D.mp3 in Resources */,
				1215BB1B1613B0F2008EB356 /* F#m.mp3 in Resources */,
				1215BB1C1613B0F2008EB356 /* G#.mp3 in Resources */,
				1215BB1D1613B0F2008EB356 /* G#m.mp3 in Resources */,
				1215BB1E1613B0F2008EB356 /* Gm.mp3 in Resources */,
				1215BB211613B5B8008EB356 /* pause.png in Resources */,
				1215BB221613B5B8008EB356 /* play.png in Resources */,
				1215BB241613B87E008EB356 /* background.jpg in Resources */,
				1245F7411627725800984E6D /* stop.png in Resources */,
			);
			runOnlyForDeploymentPostprocessing = 0;
		};
/* End PBXResourcesBuildPhase section */

/* Begin PBXSourcesBuildPhase section */
		1272D22A15AB967300B764FF /* Sources */ = {
			isa = PBXSourcesBuildPhase;
			buildActionMask = 2147483647;
			files = (
				1272D23F15AB967300B764FF /* main.m in Sources */,
				1272D24315AB967300B764FF /* AppDelegate.m in Sources */,
				1272D24615AB967300B764FF /* ViewController.m in Sources */,
			);
			runOnlyForDeploymentPostprocessing = 0;
		};
/* End PBXSourcesBuildPhase section */

/* Begin PBXVariantGroup section */
		1272D23B15AB967300B764FF /* InfoPlist.strings */ = {
			isa = PBXVariantGroup;
			children = (
				1272D23C15AB967300B764FF /* en */,
			);
			name = InfoPlist.strings;
			sourceTree = "<group>";
		};
		1272D24715AB967300B764FF /* ViewController_iPhone.xib */ = {
			isa = PBXVariantGroup;
			children = (
				1272D24815AB967300B764FF /* en */,
			);
			name = ViewController_iPhone.xib;
			sourceTree = "<group>";
		};
		1272D24A15AB967300B764FF /* ViewController_iPad.xib */ = {
			isa = PBXVariantGroup;
			children = (
				1272D24B15AB967300B764FF /* en */,
			);
			name = ViewController_iPad.xib;
			sourceTree = "<group>";
		};
/* End PBXVariantGroup section */

/* Begin XCBuildConfiguration section */
		1272D24D15AB967300B764FF /* Debug */ = {
			isa = XCBuildConfiguration;
			buildSettings = {
				ALWAYS_SEARCH_USER_PATHS = NO;
				ARCHS = "$(ARCHS_STANDARD_32_BIT)";
				CLANG_ENABLE_OBJC_ARC = YES;
				"CODE_SIGN_IDENTITY[sdk=iphoneos*]" = "iPhone Developer";
				COPY_PHASE_STRIP = NO;
				GCC_C_LANGUAGE_STANDARD = gnu99;
				GCC_DYNAMIC_NO_PIC = NO;
				GCC_OPTIMIZATION_LEVEL = 0;
				GCC_PREPROCESSOR_DEFINITIONS = (
					"DEBUG=1",
					"$(inherited)",
				);
				GCC_SYMBOLS_PRIVATE_EXTERN = NO;
				GCC_VERSION = com.apple.compilers.llvm.clang.1_0;
				GCC_WARN_ABOUT_RETURN_TYPE = YES;
				GCC_WARN_UNINITIALIZED_AUTOS = YES;
				GCC_WARN_UNUSED_VARIABLE = YES;
				IPHONEOS_DEPLOYMENT_TARGET = 5.1;
				SDKROOT = iphoneos;
				TARGETED_DEVICE_FAMILY = "1,2";
			};
			name = Debug;
		};
		1272D24E15AB967300B764FF /* Release */ = {
			isa = XCBuildConfiguration;
			buildSettings = {
				ALWAYS_SEARCH_USER_PATHS = NO;
				ARCHS = "$(ARCHS_STANDARD_32_BIT)";
				CLANG_ENABLE_OBJC_ARC = YES;
				"CODE_SIGN_IDENTITY[sdk=iphoneos*]" = "iPhone Developer";
				COPY_PHASE_STRIP = YES;
				GCC_C_LANGUAGE_STANDARD = gnu99;
				GCC_VERSION = com.apple.compilers.llvm.clang.1_0;
				GCC_WARN_ABOUT_RETURN_TYPE = YES;
				GCC_WARN_UNINITIALIZED_AUTOS = YES;
				GCC_WARN_UNUSED_VARIABLE = YES;
				IPHONEOS_DEPLOYMENT_TARGET = 5.1;
				OTHER_CFLAGS = "-DNS_BLOCK_ASSERTIONS=1";
				SDKROOT = iphoneos;
				TARGETED_DEVICE_FAMILY = "1,2";
				VALIDATE_PRODUCT = YES;
			};
			name = Release;
		};
		1272D25015AB967300B764FF /* Debug */ = {
			isa = XCBuildConfiguration;
			buildSettings = {
				GCC_PRECOMPILE_PREFIX_HEADER = YES;
				GCC_PREFIX_HEADER = "tufts/tufts-Prefix.pch";
				INFOPLIST_FILE = "tufts/tufts-Info.plist";
				PRODUCT_NAME = "$(TARGET_NAME)";
				WRAPPER_EXTENSION = app;
			};
			name = Debug;
		};
		1272D25115AB967300B764FF /* Release */ = {
			isa = XCBuildConfiguration;
			buildSettings = {
				GCC_PRECOMPILE_PREFIX_HEADER = YES;
				GCC_PREFIX_HEADER = "tufts/tufts-Prefix.pch";
				INFOPLIST_FILE = "tufts/tufts-Info.plist";
				PRODUCT_NAME = "$(TARGET_NAME)";
				WRAPPER_EXTENSION = app;
			};
			name = Release;
		};
/* End XCBuildConfiguration section */

/* Begin XCConfigurationList section */
		1272D22815AB967300B764FF /* Build configuration list for PBXProject "tufts" */ = {
			isa = XCConfigurationList;
			buildConfigurations = (
				1272D24D15AB967300B764FF /* Debug */,
				1272D24E15AB967300B764FF /* Release */,
			);
			defaultConfigurationIsVisible = 0;
			defaultConfigurationName = Release;
		};
		1272D24F15AB967300B764FF /* Build configuration list for PBXNativeTarget "tufts" */ = {
			isa = XCConfigurationList;
			buildConfigurations = (
				1272D25015AB967300B764FF /* Debug */,
				1272D25115AB967300B764FF /* Release */,
			);
			defaultConfigurationIsVisible = 0;
			defaultConfigurationName = Release;
		};
/* End XCConfigurationList section */
	};
	rootObject = 1272D22515AB967300B764FF /* Project object */;
}
